// !$*UTF8*$!
{
	archiveVersion = 1;
	classes = {
	};
	objectVersion = 56;
	objects = {

/* Begin PBXBuildFile section */
		A0000001 /* NotionRemindersSyncApp.swift in Sources */ = {isa = PBXBuildFile; fileRef = A1000001 /* NotionRemindersSyncApp.swift */; };
		A0000002 /* AppDelegate.swift in Sources */ = {isa = PBXBuildFile; fileRef = A1000002 /* AppDelegate.swift */; };
		A0000003 /* ContentView.swift in Sources */ = {isa = PBXBuildFile; fileRef = A1000003 /* ContentView.swift */; };
		A0000004 /* ReminderItem.swift in Sources */ = {isa = PBXBuildFile; fileRef = A1000004 /* ReminderItem.swift */; };
		A0000005 /* SyncMapping.swift in Sources */ = {isa = PBXBuildFile; fileRef = A1000005 /* SyncMapping.swift */; };
		A0000006 /* SyncRecord.swift in Sources */ = {isa = PBXBuildFile; fileRef = A1000006 /* SyncRecord.swift */; };
		A0000007 /* NotionModels.swift in Sources */ = {isa = PBXBuildFile; fileRef = A1000007 /* NotionModels.swift */; };
		A0000008 /* RemindersService.swift in Sources */ = {isa = PBXBuildFile; fileRef = A1000008 /* RemindersService.swift */; };
		A0000009 /* NotionClient.swift in Sources */ = {isa = PBXBuildFile; fileRef = A1000009 /* NotionClient.swift */; };
		A0000010 /* KeychainService.swift in Sources */ = {isa = PBXBuildFile; fileRef = A1000010 /* KeychainService.swift */; };
		A0000011 /* SyncEngine.swift in Sources */ = {isa = PBXBuildFile; fileRef = A1000011 /* SyncEngine.swift */; };
		A0000012 /* SyncScheduler.swift in Sources */ = {isa = PBXBuildFile; fileRef = A1000012 /* SyncScheduler.swift */; };
		A0000013 /* ConflictResolver.swift in Sources */ = {isa = PBXBuildFile; fileRef = A1000013 /* ConflictResolver.swift */; };
		A0000020 /* LocalSyncStateStore.swift in Sources */ = {isa = PBXBuildFile; fileRef = A1000021 /* LocalSyncStateStore.swift */; };
		A0000023 /* SwiftDataModels.swift in Sources */ = {isa = PBXBuildFile; fileRef = A1000024 /* SwiftDataModels.swift */; };
		A0000024 /* SwiftDataStore.swift in Sources */ = {isa = PBXBuildFile; fileRef = A1000025 /* SwiftDataStore.swift */; };
		A0000015 /* GeneralSettingsView.swift in Sources */ = {isa = PBXBuildFile; fileRef = A1000015 /* GeneralSettingsView.swift */; };
		A0000016 /* NotionAuthView.swift in Sources */ = {isa = PBXBuildFile; fileRef = A1000016 /* NotionAuthView.swift */; };
		A0000017 /* MappingsSettingsView.swift in Sources */ = {isa = PBXBuildFile; fileRef = A1000017 /* MappingsSettingsView.swift */; };
		A0000018 /* SyncStatusView.swift in Sources */ = {isa = PBXBuildFile; fileRef = A1000018 /* SyncStatusView.swift */; };
		A0000019 /* MappingEditorSheet.swift in Sources */ = {isa = PBXBuildFile; fileRef = A1000019 /* MappingEditorSheet.swift */; };
		A0000022 /* SettingsView.swift in Sources */ = {isa = PBXBuildFile; fileRef = A1000022 /* SettingsView.swift */; };
/* End PBXBuildFile section */

/* Begin PBXFileReference section */
		A1000000 /* NotionRemindersSync.app */ = {isa = PBXFileReference; explicitFileType = wrapper.application; includeInIndex = 0; path = NotionRemindersSync.app; sourceTree = BUILT_PRODUCTS_DIR; };
		A1000001 /* NotionRemindersSyncApp.swift */ = {isa = PBXFileReference; lastKnownFileType = sourcecode.swift; path = NotionRemindersSyncApp.swift; sourceTree = "<group>"; };
		A1000002 /* AppDelegate.swift */ = {isa = PBXFileReference; lastKnownFileType = sourcecode.swift; path = AppDelegate.swift; sourceTree = "<group>"; };
		A1000003 /* ContentView.swift */ = {isa = PBXFileReference; lastKnownFileType = sourcecode.swift; path = ContentView.swift; sourceTree = "<group>"; };
		A1000004 /* ReminderItem.swift */ = {isa = PBXFileReference; lastKnownFileType = sourcecode.swift; path = ReminderItem.swift; sourceTree = "<group>"; };
		A1000005 /* SyncMapping.swift */ = {isa = PBXFileReference; lastKnownFileType = sourcecode.swift; path = SyncMapping.swift; sourceTree = "<group>"; };
		A1000006 /* SyncRecord.swift */ = {isa = PBXFileReference; lastKnownFileType = sourcecode.swift; path = SyncRecord.swift; sourceTree = "<group>"; };
		A1000007 /* NotionModels.swift */ = {isa = PBXFileReference; lastKnownFileType = sourcecode.swift; path = NotionModels.swift; sourceTree = "<group>"; };
		A1000008 /* RemindersService.swift */ = {isa = PBXFileReference; lastKnownFileType = sourcecode.swift; path = RemindersService.swift; sourceTree = "<group>"; };
		A1000009 /* NotionClient.swift */ = {isa = PBXFileReference; lastKnownFileType = sourcecode.swift; path = NotionClient.swift; sourceTree = "<group>"; };
		A1000010 /* KeychainService.swift */ = {isa = PBXFileReference; lastKnownFileType = sourcecode.swift; path = KeychainService.swift; sourceTree = "<group>"; };
		A1000011 /* SyncEngine.swift */ = {isa = PBXFileReference; lastKnownFileType = sourcecode.swift; path = SyncEngine.swift; sourceTree = "<group>"; };
		A1000012 /* SyncScheduler.swift */ = {isa = PBXFileReference; lastKnownFileType = sourcecode.swift; path = SyncScheduler.swift; sourceTree = "<group>"; };
		A1000013 /* ConflictResolver.swift */ = {isa = PBXFileReference; lastKnownFileType = sourcecode.swift; path = ConflictResolver.swift; sourceTree = "<group>"; };
		A1000021 /* LocalSyncStateStore.swift */ = {isa = PBXFileReference; lastKnownFileType = sourcecode.swift; path = LocalSyncStateStore.swift; sourceTree = "<group>"; };
		A1000024 /* SwiftDataModels.swift */ = {isa = PBXFileReference; lastKnownFileType = sourcecode.swift; path = SwiftDataModels.swift; sourceTree = "<group>"; };
		A1000025 /* SwiftDataStore.swift */ = {isa = PBXFileReference; lastKnownFileType = sourcecode.swift; path = SwiftDataStore.swift; sourceTree = "<group>"; };
		A1000015 /* GeneralSettingsView.swift */ = {isa = PBXFileReference; lastKnownFileType = sourcecode.swift; path = GeneralSettingsView.swift; sourceTree = "<group>"; };
		A1000016 /* NotionAuthView.swift */ = {isa = PBXFileReference; lastKnownFileType = sourcecode.swift; path = NotionAuthView.swift; sourceTree = "<group>"; };
		A1000017 /* MappingsSettingsView.swift */ = {isa = PBXFileReference; lastKnownFileType = sourcecode.swift; path = MappingsSettingsView.swift; sourceTree = "<group>"; };
		A1000018 /* SyncStatusView.swift */ = {isa = PBXFileReference; lastKnownFileType = sourcecode.swift; path = SyncStatusView.swift; sourceTree = "<group>"; };
		A1000019 /* MappingEditorSheet.swift */ = {isa = PBXFileReference; lastKnownFileType = sourcecode.swift; path = MappingEditorSheet.swift; sourceTree = "<group>"; };
		A1000020 /* NotionRemindersSync.entitlements */ = {isa = PBXFileReference; lastKnownFileType = text.plist.entitlements; path = NotionRemindersSync.entitlements; sourceTree = "<group>"; };
		A1000022 /* SettingsView.swift */ = {isa = PBXFileReference; lastKnownFileType = sourcecode.swift; path = SettingsView.swift; sourceTree = "<group>"; };
		A1000023 /* Info.plist */ = {isa = PBXFileReference; lastKnownFileType = text.plist.xml; path = Info.plist; sourceTree = "<group>"; };
/* End PBXFileReference section */

/* Begin PBXFrameworksBuildPhase section */
		A2000001 /* Frameworks */ = {
			isa = PBXFrameworksBuildPhase;
			buildActionMask = 2147483647;
			files = (
			);
			runOnlyForDeploymentPostprocessing = 0;
		};
/* End PBXFrameworksBuildPhase section */

/* Begin PBXGroup section */
		A3000001 = {
			isa = PBXGroup;
			children = (
				A3000002 /* NotionRemindersSync */,
				A3000003 /* Products */,
			);
			sourceTree = "<group>";
		};
		A3000002 /* NotionRemindersSync */ = {
			isa = PBXGroup;
			children = (
				A1000001 /* NotionRemindersSyncApp.swift */,
				A1000023 /* Info.plist */,
				A1000020 /* NotionRemindersSync.entitlements */,
				A3000004 /* App */,
				A3000005 /* Models */,
				A3000006 /* Services */,
				A3000007 /* Persistence */,
				A3000008 /* Views */,
			);
			path = NotionRemindersSync;
			sourceTree = "<group>";
		};
		A3000003 /* Products */ = {
			isa = PBXGroup;
			children = (
				A1000000 /* NotionRemindersSync.app */,
			);
			name = Products;
			sourceTree = "<group>";
		};
		A3000004 /* App */ = {
			isa = PBXGroup;
			children = (
				A1000002 /* AppDelegate.swift */,
				A1000003 /* ContentView.swift */,
			);
			path = App;
			sourceTree = "<group>";
		};
		A3000005 /* Models */ = {
			isa = PBXGroup;
			children = (
				A1000004 /* ReminderItem.swift */,
				A1000005 /* SyncMapping.swift */,
				A1000006 /* SyncRecord.swift */,
				A1000007 /* NotionModels.swift */,
			);
			path = Models;
			sourceTree = "<group>";
		};
		A3000006 /* Services */ = {
			isa = PBXGroup;
			children = (
				A1000008 /* RemindersService.swift */,
				A1000009 /* NotionClient.swift */,
				A1000010 /* KeychainService.swift */,
				A1000011 /* SyncEngine.swift */,
				A1000012 /* SyncScheduler.swift */,
				A1000013 /* ConflictResolver.swift */,
			);
			path = Services;
			sourceTree = "<group>";
		};
		A3000007 /* Persistence */ = {
			isa = PBXGroup;
			children = (
				A1000021 /* LocalSyncStateStore.swift */,
				A1000024 /* SwiftDataModels.swift */,
				A1000025 /* SwiftDataStore.swift */,
			);
			path = Persistence;
			sourceTree = "<group>";
		};
		A3000008 /* Views */ = {
			isa = PBXGroup;
			children = (
				A3000009 /* Settings */,
				A3000010 /* Mapping */,
			);
			path = Views;
			sourceTree = "<group>";
		};
		A3000009 /* Settings */ = {
			isa = PBXGroup;
			children = (
				A1000015 /* GeneralSettingsView.swift */,
				A1000016 /* NotionAuthView.swift */,
				A1000017 /* MappingsSettingsView.swift */,
				A1000018 /* SyncStatusView.swift */,
				A1000022 /* SettingsView.swift */,
			);
			path = Settings;
			sourceTree = "<group>";
		};
		A3000010 /* Mapping */ = {
			isa = PBXGroup;
			children = (
				A1000019 /* MappingEditorSheet.swift */,
			);
			path = Mapping;
			sourceTree = "<group>";
		};
/* End PBXGroup section */

/* Begin PBXNativeTarget section */
		A4000001 /* NotionRemindersSync */ = {
			isa = PBXNativeTarget;
			buildConfigurationList = A5000003 /* Build configuration list for PBXNativeTarget "NotionRemindersSync" */;
			buildPhases = (
				A4000002 /* Sources */,
				A2000001 /* Frameworks */,
				A4000003 /* Resources */,
			);
			buildRules = (
			);
			dependencies = (
			);
			name = NotionRemindersSync;
			productName = NotionRemindersSync;
			productReference = A1000000 /* NotionRemindersSync.app */;
			productType = "com.apple.product-type.application";
		};
/* End PBXNativeTarget section */

/* Begin PBXProject section */
		A6000001 /* Project object */ = {
			isa = PBXProject;
			attributes = {
				BuildIndependentTargetsInParallel = 1;
				LastSwiftUpdateCheck = 1540;
				LastUpgradeCheck = 1540;
				TargetAttributes = {
					A4000001 = {
						CreatedOnToolsVersion = 15.4;
					};
				};
			};
			buildConfigurationList = A5000001 /* Build configuration list for PBXProject "NotionRemindersSync" */;
			compatibilityVersion = "Xcode 14.0";
			developmentRegion = en;
			hasScannedForEncodings = 0;
			knownRegions = (
				en,
				Base,
			);
			mainGroup = A3000001;
			productRefGroup = A3000003 /* Products */;
			projectDirPath = "";
			projectRoot = "";
			targets = (
				A4000001 /* NotionRemindersSync */,
			);
		};
/* End PBXProject section */

/* Begin PBXResourcesBuildPhase section */
		A4000003 /* Resources */ = {
			isa = PBXResourcesBuildPhase;
			buildActionMask = 2147483647;
			files = (
			);
			runOnlyForDeploymentPostprocessing = 0;
		};
/* End PBXResourcesBuildPhase section */

/* Begin PBXSourcesBuildPhase section */
		A4000002 /* Sources */ = {
			isa = PBXSourcesBuildPhase;
			buildActionMask = 2147483647;
			files = (
				A0000001 /* NotionRemindersSyncApp.swift in Sources */,
				A0000002 /* AppDelegate.swift in Sources */,
				A0000003 /* ContentView.swift in Sources */,
				A0000004 /* ReminderItem.swift in Sources */,
				A0000005 /* SyncMapping.swift in Sources */,
				A0000006 /* SyncRecord.swift in Sources */,
				A0000007 /* NotionModels.swift in Sources */,
				A0000008 /* RemindersService.swift in Sources */,
				A0000009 /* NotionClient.swift in Sources */,
				A0000010 /* KeychainService.swift in Sources */,
				A0000011 /* SyncEngine.swift in Sources */,
				A0000012 /* SyncScheduler.swift in Sources */,
				A0000013 /* ConflictResolver.swift in Sources */,
				A0000020 /* LocalSyncStateStore.swift in Sources */,
				A0000023 /* SwiftDataModels.swift in Sources */,
				A0000024 /* SwiftDataStore.swift in Sources */,
				A0000015 /* GeneralSettingsView.swift in Sources */,
				A0000016 /* NotionAuthView.swift in Sources */,
				A0000017 /* MappingsSettingsView.swift in Sources */,
				A0000018 /* SyncStatusView.swift in Sources */,
				A0000019 /* MappingEditorSheet.swift in Sources */,
				A0000022 /* SettingsView.swift in Sources */,
			);
			runOnlyForDeploymentPostprocessing = 0;
		};
/* End PBXSourcesBuildPhase section */

/* Begin XCBuildConfiguration section */
		A7000001 /* Debug */ = {
			isa = XCBuildConfiguration;
			buildSettings = {
				ALWAYS_SEARCH_USER_PATHS = NO;
				ASSETCATALOG_COMPILER_GENERATE_SWIFT_ASSET_SYMBOL_EXTENSIONS = YES;
				CLANG_ANALYZER_NONNULL = YES;
				CLANG_ANALYZER_NUMBER_OBJECT_CONVERSION = YES_AGGRESSIVE;
				CLANG_CXX_LANGUAGE_STANDARD = "gnu++20";
				CLANG_ENABLE_MODULES = YES;
				CLANG_ENABLE_OBJC_ARC = YES;
				CLANG_ENABLE_OBJC_WEAK = YES;
				CLANG_WARN_BLOCK_CAPTURE_AUTORELEASING = YES;
				CLANG_WARN_BOOL_CONVERSION = YES;
				CLANG_WARN_COMMA = YES;
				CLANG_WARN_CONSTANT_CONVERSION = YES;
				CLANG_WARN_DEPRECATED_OBJC_IMPLEMENTATIONS = YES;
				CLANG_WARN_DIRECT_OBJC_ISA_USAGE = YES_ERROR;
				CLANG_WARN_DOCUMENTATION_COMMENTS = YES;
				CLANG_WARN_EMPTY_BODY = YES;
				CLANG_WARN_ENUM_CONVERSION = YES;
				CLANG_WARN_INFINITE_RECURSION = YES;
				CLANG_WARN_INT_CONVERSION = YES;
				CLANG_WARN_NON_LITERAL_NULL_CONVERSION = YES;
				CLANG_WARN_OBJC_IMPLICIT_RETAIN_SELF = YES;
				CLANG_WARN_OBJC_LITERAL_CONVERSION = YES;
				CLANG_WARN_OBJC_ROOT_CLASS = YES_ERROR;
				CLANG_WARN_QUOTED_INCLUDE_IN_FRAMEWORK_HEADER = YES;
				CLANG_WARN_RANGE_LOOP_ANALYSIS = YES;
				CLANG_WARN_STRICT_PROTOTYPES = YES;
				CLANG_WARN_SUSPICIOUS_MOVE = YES;
				CLANG_WARN_UNGUARDED_AVAILABILITY = YES_AGGRESSIVE;
				CLANG_WARN_UNREACHABLE_CODE = YES;
				CLANG_WARN__DUPLICATE_METHOD_MATCH = YES;
				COPY_PHASE_STRIP = NO;
				DEBUG_INFORMATION_FORMAT = dwarf;
				ENABLE_STRICT_OBJC_MSGSEND = YES;
				ENABLE_TESTABILITY = YES;
				ENABLE_USER_SCRIPT_SANDBOXING = YES;
				GCC_C_LANGUAGE_STANDARD = gnu17;
				GCC_DYNAMIC_NO_PIC = NO;
				GCC_NO_COMMON_BLOCKS = YES;
				GCC_OPTIMIZATION_LEVEL = 0;
				GCC_PREPROCESSOR_DEFINITIONS = (
					"DEBUG=1",
					"$(inherited)",
				);
				GCC_WARN_64_TO_32_BIT_CONVERSION = YES;
				GCC_WARN_ABOUT_RETURN_TYPE = YES_ERROR;
				GCC_WARN_UNDECLARED_SELECTOR = YES;
				GCC_WARN_UNINITIALIZED_AUTOS = YES_AGGRESSIVE;
				GCC_WARN_UNUSED_FUNCTION = YES;
				GCC_WARN_UNUSED_VARIABLE = YES;
				LOCALIZATION_PREFERS_STRING_CATALOGS = YES;
				IPHONEOS_DEPLOYMENT_TARGET = 17.0;
				MTL_ENABLE_DEBUG_INFO = INCLUDE_SOURCE;
				MTL_FAST_MATH = YES;
				ONLY_ACTIVE_ARCH = YES;
				SDKROOT = iphoneos;
				SWIFT_ACTIVE_COMPILATION_CONDITIONS = "DEBUG $(inherited)";
				SWIFT_OPTIMIZATION_LEVEL = "-Onone";
			};
			name = Debug;
		};
		A7000002 /* Release */ = {
			isa = XCBuildConfiguration;
			buildSettings = {
				ALWAYS_SEARCH_USER_PATHS = NO;
				ASSETCATALOG_COMPILER_GENERATE_SWIFT_ASSET_SYMBOL_EXTENSIONS = YES;
				CLANG_ANALYZER_NONNULL = YES;
				CLANG_ANALYZER_NUMBER_OBJECT_CONVERSION = YES_AGGRESSIVE;
				CLANG_CXX_LANGUAGE_STANDARD = "gnu++20";
				CLANG_ENABLE_MODULES = YES;
				CLANG_ENABLE_OBJC_ARC = YES;
				CLANG_ENABLE_OBJC_WEAK = YES;
				CLANG_WARN_BLOCK_CAPTURE_AUTORELEASING = YES;
				CLANG_WARN_BOOL_CONVERSION = YES;
				CLANG_WARN_COMMA = YES;
				CLANG_WARN_CONSTANT_CONVERSION = YES;
				CLANG_WARN_DEPRECATED_OBJC_IMPLEMENTATIONS = YES;
				CLANG_WARN_DIRECT_OBJC_ISA_USAGE = YES_ERROR;
				CLANG_WARN_DOCUMENTATION_COMMENTS = YES;
				CLANG_WARN_EMPTY_BODY = YES;
				CLANG_WARN_ENUM_CONVERSION = YES;
				CLANG_WARN_INFINITE_RECURSION = YES;
				CLANG_WARN_INT_CONVERSION = YES;
				CLANG_WARN_NON_LITERAL_NULL_CONVERSION = YES;
				CLANG_WARN_OBJC_IMPLICIT_RETAIN_SELF = YES;
				CLANG_WARN_OBJC_LITERAL_CONVERSION = YES;
				CLANG_WARN_OBJC_ROOT_CLASS = YES_ERROR;
				CLANG_WARN_QUOTED_INCLUDE_IN_FRAMEWORK_HEADER = YES;
				CLANG_WARN_RANGE_LOOP_ANALYSIS = YES;
				CLANG_WARN_STRICT_PROTOTYPES = YES;
				CLANG_WARN_SUSPICIOUS_MOVE = YES;
				CLANG_WARN_UNGUARDED_AVAILABILITY = YES_AGGRESSIVE;
				CLANG_WARN_UNREACHABLE_CODE = YES;
				CLANG_WARN__DUPLICATE_METHOD_MATCH = YES;
				COPY_PHASE_STRIP = NO;
				DEBUG_INFORMATION_FORMAT = "dwarf-with-dsym";
				ENABLE_NS_ASSERTIONS = NO;
				ENABLE_STRICT_OBJC_MSGSEND = YES;
				ENABLE_USER_SCRIPT_SANDBOXING = YES;
				GCC_C_LANGUAGE_STANDARD = gnu17;
				GCC_NO_COMMON_BLOCKS = YES;
				GCC_WARN_64_TO_32_BIT_CONVERSION = YES;
				GCC_WARN_ABOUT_RETURN_TYPE = YES_ERROR;
				GCC_WARN_UNDECLARED_SELECTOR = YES;
				GCC_WARN_UNINITIALIZED_AUTOS = YES_AGGRESSIVE;
				GCC_WARN_UNUSED_FUNCTION = YES;
				GCC_WARN_UNUSED_VARIABLE = YES;
				LOCALIZATION_PREFERS_STRING_CATALOGS = YES;
				IPHONEOS_DEPLOYMENT_TARGET = 17.0;
				MTL_ENABLE_DEBUG_INFO = NO;
				MTL_FAST_MATH = YES;
				SDKROOT = iphoneos;
				SWIFT_COMPILATION_MODE = wholemodule;
			};
			name = Release;
		};
		A7000003 /* Debug */ = {
			isa = XCBuildConfiguration;
			buildSettings = {
				ASSETCATALOG_COMPILER_APPICON_NAME = AppIcon;
				CODE_SIGN_ENTITLEMENTS = NotionRemindersSync/NotionRemindersSync.entitlements;
				CODE_SIGN_IDENTITY = "Apple Development";
				CODE_SIGN_STYLE = Automatic;
				CURRENT_PROJECT_VERSION = 1;
				DEVELOPMENT_TEAM = 62696V9M3X;
				ENABLE_HARDENED_RUNTIME = NO;
				GENERATE_INFOPLIST_FILE = NO;
				INFOPLIST_FILE = NotionRemindersSync/Info.plist;
				LD_RUNPATH_SEARCH_PATHS = (
					"$(inherited)",
					"@executable_path/Frameworks",
				);
				MARKETING_VERSION = 1.0;
				PRODUCT_BUNDLE_IDENTIFIER = dev.adamfarmer.notionremindersync;
				PRODUCT_NAME = "$(TARGET_NAME)";
				PROVISIONING_PROFILE_SPECIFIER = "";
				SWIFT_EMIT_LOC_STRINGS = YES;
				SWIFT_VERSION = 5.0;
				TARGETED_DEVICE_FAMILY = "1,2";
			};
			name = Debug;
		};
		A7000004 /* Release */ = {
			isa = XCBuildConfiguration;
			buildSettings = {
				ASSETCATALOG_COMPILER_APPICON_NAME = AppIcon;
				CODE_SIGN_ENTITLEMENTS = NotionRemindersSync/NotionRemindersSync.entitlements;
				CODE_SIGN_STYLE = Automatic;
				CURRENT_PROJECT_VERSION = 1;
				DEVELOPMENT_TEAM = 62696V9M3X;
				ENABLE_HARDENED_RUNTIME = YES;
				GENERATE_INFOPLIST_FILE = NO;
				INFOPLIST_FILE = NotionRemindersSync/Info.plist;
				LD_RUNPATH_SEARCH_PATHS = (
					"$(inherited)",
					"@executable_path/Frameworks",
				);
				MARKETING_VERSION = 1.0;
				PRODUCT_BUNDLE_IDENTIFIER = dev.adamfarmer.notionremindersync;
				PRODUCT_NAME = "$(TARGET_NAME)";
				SWIFT_EMIT_LOC_STRINGS = YES;
				SWIFT_VERSION = 5.0;
				TARGETED_DEVICE_FAMILY = "1,2";
			};
			name = Release;
		};
/* End XCBuildConfiguration section */

/* Begin XCConfigurationList section */
		A5000001 /* Build configuration list for PBXProject "NotionRemindersSync" */ = {
			isa = XCConfigurationList;
			buildConfigurations = (
				A7000001 /* Debug */,
				A7000002 /* Release */,
			);
			defaultConfigurationIsVisible = 0;
			defaultConfigurationName = Release;
		};
		A5000003 /* Build configuration list for PBXNativeTarget "NotionRemindersSync" */ = {
			isa = XCConfigurationList;
			buildConfigurations = (
				A7000003 /* Debug */,
				A7000004 /* Release */,
			);
			defaultConfigurationIsVisible = 0;
			defaultConfigurationName = Release;
		};
/* End XCConfigurationList section */
	};
	rootObject = A6000001 /* Project object */;
}
